// !$*UTF8*$!
{
	archiveVersion = 1;
	classes = {
	};
	objectVersion = 50;
	objects = {

/* Begin PBXBuildFile section */
		7AEF956726C2D71400B49EEF /* AppDelegate.swift in Sources */ = {isa = PBXBuildFile; fileRef = 7AEF956626C2D71400B49EEF /* AppDelegate.swift */; };
		7AEF956926C2D71400B49EEF /* SceneDelegate.swift in Sources */ = {isa = PBXBuildFile; fileRef = 7AEF956826C2D71400B49EEF /* SceneDelegate.swift */; };
		7AEF956B26C2D71400B49EEF /* ViewController.swift in Sources */ = {isa = PBXBuildFile; fileRef = 7AEF956A26C2D71400B49EEF /* ViewController.swift */; };
		7AEF956E26C2D71400B49EEF /* Main.storyboard in Resources */ = {isa = PBXBuildFile; fileRef = 7AEF956C26C2D71400B49EEF /* Main.storyboard */; };
		7AEF957126C2D71400B49EEF /* LogoRotation.xcdatamodeld in Sources */ = {isa = PBXBuildFile; fileRef = 7AEF956F26C2D71400B49EEF /* LogoRotation.xcdatamodeld */; };
		7AEF957326C2D71600B49EEF /* Assets.xcassets in Resources */ = {isa = PBXBuildFile; fileRef = 7AEF957226C2D71600B49EEF /* Assets.xcassets */; };
		7AEF957626C2D71600B49EEF /* LaunchScreen.storyboard in Resources */ = {isa = PBXBuildFile; fileRef = 7AEF957426C2D71600B49EEF /* LaunchScreen.storyboard */; };
		7AEF958126C2D71600B49EEF /* LogoRotationTests.swift in Sources */ = {isa = PBXBuildFile; fileRef = 7AEF958026C2D71600B49EEF /* LogoRotationTests.swift */; };
		7AEF958C26C2D71700B49EEF /* LogoRotationUITests.swift in Sources */ = {isa = PBXBuildFile; fileRef = 7AEF958B26C2D71700B49EEF /* LogoRotationUITests.swift */; };
/* End PBXBuildFile section */

/* Begin PBXContainerItemProxy section */
		7AEF957D26C2D71600B49EEF /* PBXContainerItemProxy */ = {
			isa = PBXContainerItemProxy;
			containerPortal = 7AEF955B26C2D71400B49EEF /* Project object */;
			proxyType = 1;
			remoteGlobalIDString = 7AEF956226C2D71400B49EEF;
			remoteInfo = LogoRotation;
		};
		7AEF958826C2D71700B49EEF /* PBXContainerItemProxy */ = {
			isa = PBXContainerItemProxy;
			containerPortal = 7AEF955B26C2D71400B49EEF /* Project object */;
			proxyType = 1;
			remoteGlobalIDString = 7AEF956226C2D71400B49EEF;
			remoteInfo = LogoRotation;
		};
/* End PBXContainerItemProxy section */

/* Begin PBXFileReference section */
		7AEF956326C2D71400B49EEF /* LogoRotation.app */ = {isa = PBXFileReference; explicitFileType = wrapper.application; includeInIndex = 0; path = LogoRotation.app; sourceTree = BUILT_PRODUCTS_DIR; };
		7AEF956626C2D71400B49EEF /* AppDelegate.swift */ = {isa = PBXFileReference; lastKnownFileType = sourcecode.swift; path = AppDelegate.swift; sourceTree = "<group>"; };
		7AEF956826C2D71400B49EEF /* SceneDelegate.swift */ = {isa = PBXFileReference; lastKnownFileType = sourcecode.swift; path = SceneDelegate.swift; sourceTree = "<group>"; };
		7AEF956A26C2D71400B49EEF /* ViewController.swift */ = {isa = PBXFileReference; lastKnownFileType = sourcecode.swift; path = ViewController.swift; sourceTree = "<group>"; };
		7AEF956D26C2D71400B49EEF /* Base */ = {isa = PBXFileReference; lastKnownFileType = file.storyboard; name = Base; path = Base.lproj/Main.storyboard; sourceTree = "<group>"; };
		7AEF957026C2D71400B49EEF /* LogoRotation.xcdatamodel */ = {isa = PBXFileReference; lastKnownFileType = wrapper.xcdatamodel; path = LogoRotation.xcdatamodel; sourceTree = "<group>"; };
		7AEF957226C2D71600B49EEF /* Assets.xcassets */ = {isa = PBXFileReference; lastKnownFileType = folder.assetcatalog; path = Assets.xcassets; sourceTree = "<group>"; };
		7AEF957526C2D71600B49EEF /* Base */ = {isa = PBXFileReference; lastKnownFileType = file.storyboard; name = Base; path = Base.lproj/LaunchScreen.storyboard; sourceTree = "<group>"; };
		7AEF957726C2D71600B49EEF /* Info.plist */ = {isa = PBXFileReference; lastKnownFileType = text.plist.xml; path = Info.plist; sourceTree = "<group>"; };
		7AEF957C26C2D71600B49EEF /* LogoRotationTests.xctest */ = {isa = PBXFileReference; explicitFileType = wrapper.cfbundle; includeInIndex = 0; path = LogoRotationTests.xctest; sourceTree = BUILT_PRODUCTS_DIR; };
		7AEF958026C2D71600B49EEF /* LogoRotationTests.swift */ = {isa = PBXFileReference; lastKnownFileType = sourcecode.swift; path = LogoRotationTests.swift; sourceTree = "<group>"; };
		7AEF958226C2D71600B49EEF /* Info.plist */ = {isa = PBXFileReference; lastKnownFileType = text.plist.xml; path = Info.plist; sourceTree = "<group>"; };
		7AEF958726C2D71700B49EEF /* LogoRotationUITests.xctest */ = {isa = PBXFileReference; explicitFileType = wrapper.cfbundle; includeInIndex = 0; path = LogoRotationUITests.xctest; sourceTree = BUILT_PRODUCTS_DIR; };
		7AEF958B26C2D71700B49EEF /* LogoRotationUITests.swift */ = {isa = PBXFileReference; lastKnownFileType = sourcecode.swift; path = LogoRotationUITests.swift; sourceTree = "<group>"; };
		7AEF958D26C2D71700B49EEF /* Info.plist */ = {isa = PBXFileReference; lastKnownFileType = text.plist.xml; path = Info.plist; sourceTree = "<group>"; };
/* End PBXFileReference section */

/* Begin PBXFrameworksBuildPhase section */
		7AEF956026C2D71400B49EEF /* Frameworks */ = {
			isa = PBXFrameworksBuildPhase;
			buildActionMask = 2147483647;
			files = (
			);
			runOnlyForDeploymentPostprocessing = 0;
		};
		7AEF957926C2D71600B49EEF /* Frameworks */ = {
			isa = PBXFrameworksBuildPhase;
			buildActionMask = 2147483647;
			files = (
			);
			runOnlyForDeploymentPostprocessing = 0;
		};
		7AEF958426C2D71700B49EEF /* Frameworks */ = {
			isa = PBXFrameworksBuildPhase;
			buildActionMask = 2147483647;
			files = (
			);
			runOnlyForDeploymentPostprocessing = 0;
		};
/* End PBXFrameworksBuildPhase section */

/* Begin PBXGroup section */
		7AEF955A26C2D71400B49EEF = {
			isa = PBXGroup;
			children = (
				7AEF956526C2D71400B49EEF /* LogoRotation */,
				7AEF957F26C2D71600B49EEF /* LogoRotationTests */,
				7AEF958A26C2D71700B49EEF /* LogoRotationUITests */,
				7AEF956426C2D71400B49EEF /* Products */,
			);
			sourceTree = "<group>";
		};
		7AEF956426C2D71400B49EEF /* Products */ = {
			isa = PBXGroup;
			children = (
				7AEF956326C2D71400B49EEF /* LogoRotation.app */,
				7AEF957C26C2D71600B49EEF /* LogoRotationTests.xctest */,
				7AEF958726C2D71700B49EEF /* LogoRotationUITests.xctest */,
			);
			name = Products;
			sourceTree = "<group>";
		};
		7AEF956526C2D71400B49EEF /* LogoRotation */ = {
			isa = PBXGroup;
			children = (
				7AEF956626C2D71400B49EEF /* AppDelegate.swift */,
				7AEF956826C2D71400B49EEF /* SceneDelegate.swift */,
				7AEF956A26C2D71400B49EEF /* ViewController.swift */,
				7AEF956C26C2D71400B49EEF /* Main.storyboard */,
				7AEF957226C2D71600B49EEF /* Assets.xcassets */,
				7AEF957426C2D71600B49EEF /* LaunchScreen.storyboard */,
				7AEF957726C2D71600B49EEF /* Info.plist */,
				7AEF956F26C2D71400B49EEF /* LogoRotation.xcdatamodeld */,
			);
			path = LogoRotation;
			sourceTree = "<group>";
		};
		7AEF957F26C2D71600B49EEF /* LogoRotationTests */ = {
			isa = PBXGroup;
			children = (
				7AEF958026C2D71600B49EEF /* LogoRotationTests.swift */,
				7AEF958226C2D71600B49EEF /* Info.plist */,
			);
			path = LogoRotationTests;
			sourceTree = "<group>";
		};
		7AEF958A26C2D71700B49EEF /* LogoRotationUITests */ = {
			isa = PBXGroup;
			children = (
				7AEF958B26C2D71700B49EEF /* LogoRotationUITests.swift */,
				7AEF958D26C2D71700B49EEF /* Info.plist */,
			);
			path = LogoRotationUITests;
			sourceTree = "<group>";
		};
/* End PBXGroup section */

/* Begin PBXNativeTarget section */
		7AEF956226C2D71400B49EEF /* LogoRotation */ = {
			isa = PBXNativeTarget;
			buildConfigurationList = 7AEF959026C2D71700B49EEF /* Build configuration list for PBXNativeTarget "LogoRotation" */;
			buildPhases = (
				7AEF955F26C2D71400B49EEF /* Sources */,
				7AEF956026C2D71400B49EEF /* Frameworks */,
				7AEF956126C2D71400B49EEF /* Resources */,
			);
			buildRules = (
			);
			dependencies = (
			);
			name = LogoRotation;
			productName = LogoRotation;
			productReference = 7AEF956326C2D71400B49EEF /* LogoRotation.app */;
			productType = "com.apple.product-type.application";
		};
		7AEF957B26C2D71600B49EEF /* LogoRotationTests */ = {
			isa = PBXNativeTarget;
			buildConfigurationList = 7AEF959326C2D71700B49EEF /* Build configuration list for PBXNativeTarget "LogoRotationTests" */;
			buildPhases = (
				7AEF957826C2D71600B49EEF /* Sources */,
				7AEF957926C2D71600B49EEF /* Frameworks */,
				7AEF957A26C2D71600B49EEF /* Resources */,
			);
			buildRules = (
			);
			dependencies = (
				7AEF957E26C2D71600B49EEF /* PBXTargetDependency */,
			);
			name = LogoRotationTests;
			productName = LogoRotationTests;
			productReference = 7AEF957C26C2D71600B49EEF /* LogoRotationTests.xctest */;
			productType = "com.apple.product-type.bundle.unit-test";
		};
		7AEF958626C2D71700B49EEF /* LogoRotationUITests */ = {
			isa = PBXNativeTarget;
			buildConfigurationList = 7AEF959626C2D71700B49EEF /* Build configuration list for PBXNativeTarget "LogoRotationUITests" */;
			buildPhases = (
				7AEF958326C2D71700B49EEF /* Sources */,
				7AEF958426C2D71700B49EEF /* Frameworks */,
				7AEF958526C2D71700B49EEF /* Resources */,
			);
			buildRules = (
			);
			dependencies = (
				7AEF958926C2D71700B49EEF /* PBXTargetDependency */,
			);
			name = LogoRotationUITests;
			productName = LogoRotationUITests;
			productReference = 7AEF958726C2D71700B49EEF /* LogoRotationUITests.xctest */;
			productType = "com.apple.product-type.bundle.ui-testing";
		};
/* End PBXNativeTarget section */

/* Begin PBXProject section */
		7AEF955B26C2D71400B49EEF /* Project object */ = {
			isa = PBXProject;
			attributes = {
				LastSwiftUpdateCheck = 1250;
				LastUpgradeCheck = 1250;
				TargetAttributes = {
					7AEF956226C2D71400B49EEF = {
						CreatedOnToolsVersion = 12.5.1;
					};
					7AEF957B26C2D71600B49EEF = {
						CreatedOnToolsVersion = 12.5.1;
						TestTargetID = 7AEF956226C2D71400B49EEF;
					};
					7AEF958626C2D71700B49EEF = {
						CreatedOnToolsVersion = 12.5.1;
						TestTargetID = 7AEF956226C2D71400B49EEF;
					};
				};
			};
			buildConfigurationList = 7AEF955E26C2D71400B49EEF /* Build configuration list for PBXProject "LogoRotation" */;
			compatibilityVersion = "Xcode 9.3";
			developmentRegion = en;
			hasScannedForEncodings = 0;
			knownRegions = (
				en,
				Base,
			);
			mainGroup = 7AEF955A26C2D71400B49EEF;
			productRefGroup = 7AEF956426C2D71400B49EEF /* Products */;
			projectDirPath = "";
			projectRoot = "";
			targets = (
				7AEF956226C2D71400B49EEF /* LogoRotation */,
				7AEF957B26C2D71600B49EEF /* LogoRotationTests */,
				7AEF958626C2D71700B49EEF /* LogoRotationUITests */,
			);
		};
/* End PBXProject section */

/* Begin PBXResourcesBuildPhase section */
		7AEF956126C2D71400B49EEF /* Resources */ = {
			isa = PBXResourcesBuildPhase;
			buildActionMask = 2147483647;
			files = (
				7AEF957626C2D71600B49EEF /* LaunchScreen.storyboard in Resources */,
				7AEF957326C2D71600B49EEF /* Assets.xcassets in Resources */,
				7AEF956E26C2D71400B49EEF /* Main.storyboard in Resources */,
			);
			runOnlyForDeploymentPostprocessing = 0;
		};
		7AEF957A26C2D71600B49EEF /* Resources */ = {
			isa = PBXResourcesBuildPhase;
			buildActionMask = 2147483647;
			files = (
			);
			runOnlyForDeploymentPostprocessing = 0;
		};
		7AEF958526C2D71700B49EEF /* Resources */ = {
			isa = PBXResourcesBuildPhase;
			buildActionMask = 2147483647;
			files = (
			);
			runOnlyForDeploymentPostprocessing = 0;
		};
/* End PBXResourcesBuildPhase section */

/* Begin PBXSourcesBuildPhase section */
		7AEF955F26C2D71400B49EEF /* Sources */ = {
			isa = PBXSourcesBuildPhase;
			buildActionMask = 2147483647;
			files = (
				7AEF956B26C2D71400B49EEF /* ViewController.swift in Sources */,
				7AEF956726C2D71400B49EEF /* AppDelegate.swift in Sources */,
				7AEF957126C2D71400B49EEF /* LogoRotation.xcdatamodeld in Sources */,
				7AEF956926C2D71400B49EEF /* SceneDelegate.swift in Sources */,
			);
			runOnlyForDeploymentPostprocessing = 0;
		};
		7AEF957826C2D71600B49EEF /* Sources */ = {
			isa = PBXSourcesBuildPhase;
			buildActionMask = 2147483647;
			files = (
				7AEF958126C2D71600B49EEF /* LogoRotationTests.swift in Sources */,
			);
			runOnlyForDeploymentPostprocessing = 0;
		};
		7AEF958326C2D71700B49EEF /* Sources */ = {
			isa = PBXSourcesBuildPhase;
			buildActionMask = 2147483647;
			files = (
				7AEF958C26C2D71700B49EEF /* LogoRotationUITests.swift in Sources */,
			);
			runOnlyForDeploymentPostprocessing = 0;
		};
/* End PBXSourcesBuildPhase section */

/* Begin PBXTargetDependency section */
		7AEF957E26C2D71600B49EEF /* PBXTargetDependency */ = {
			isa = PBXTargetDependency;
			target = 7AEF956226C2D71400B49EEF /* LogoRotation */;
			targetProxy = 7AEF957D26C2D71600B49EEF /* PBXContainerItemProxy */;
		};
		7AEF958926C2D71700B49EEF /* PBXTargetDependency */ = {
			isa = PBXTargetDependency;
			target = 7AEF956226C2D71400B49EEF /* LogoRotation */;
			targetProxy = 7AEF958826C2D71700B49EEF /* PBXContainerItemProxy */;
		};
/* End PBXTargetDependency section */

/* Begin PBXVariantGroup section */
		7AEF956C26C2D71400B49EEF /* Main.storyboard */ = {
			isa = PBXVariantGroup;
			children = (
				7AEF956D26C2D71400B49EEF /* Base */,
			);
			name = Main.storyboard;
			sourceTree = "<group>";
		};
		7AEF957426C2D71600B49EEF /* LaunchScreen.storyboard */ = {
			isa = PBXVariantGroup;
			children = (
				7AEF957526C2D71600B49EEF /* Base */,
			);
			name = LaunchScreen.storyboard;
			sourceTree = "<group>";
		};
/* End PBXVariantGroup section */

/* Begin XCBuildConfiguration section */
		7AEF958E26C2D71700B49EEF /* Debug */ = {
			isa = XCBuildConfiguration;
			buildSettings = {
				ALWAYS_SEARCH_USER_PATHS = NO;
				CLANG_ANALYZER_NONNULL = YES;
				CLANG_ANALYZER_NUMBER_OBJECT_CONVERSION = YES_AGGRESSIVE;
				CLANG_CXX_LANGUAGE_STANDARD = "gnu++14";
				CLANG_CXX_LIBRARY = "libc++";
				CLANG_ENABLE_MODULES = YES;
				CLANG_ENABLE_OBJC_ARC = YES;
				CLANG_ENABLE_OBJC_WEAK = YES;
				CLANG_WARN_BLOCK_CAPTURE_AUTORELEASING = YES;
				CLANG_WARN_BOOL_CONVERSION = YES;
				CLANG_WARN_COMMA = YES;
				CLANG_WARN_CONSTANT_CONVERSION = YES;
				CLANG_WARN_DEPRECATED_OBJC_IMPLEMENTATIONS = YES;
				CLANG_WARN_DIRECT_OBJC_ISA_USAGE = YES_ERROR;
				CLANG_WARN_DOCUMENTATION_COMMENTS = YES;
				CLANG_WARN_EMPTY_BODY = YES;
				CLANG_WARN_ENUM_CONVERSION = YES;
				CLANG_WARN_INFINITE_RECURSION = YES;
				CLANG_WARN_INT_CONVERSION = YES;
				CLANG_WARN_NON_LITERAL_NULL_CONVERSION = YES;
				CLANG_WARN_OBJC_IMPLICIT_RETAIN_SELF = YES;
				CLANG_WARN_OBJC_LITERAL_CONVERSION = YES;
				CLANG_WARN_OBJC_ROOT_CLASS = YES_ERROR;
				CLANG_WARN_QUOTED_INCLUDE_IN_FRAMEWORK_HEADER = YES;
				CLANG_WARN_RANGE_LOOP_ANALYSIS = YES;
				CLANG_WARN_STRICT_PROTOTYPES = YES;
				CLANG_WARN_SUSPICIOUS_MOVE = YES;
				CLANG_WARN_UNGUARDED_AVAILABILITY = YES_AGGRESSIVE;
				CLANG_WARN_UNREACHABLE_CODE = YES;
				CLANG_WARN__DUPLICATE_METHOD_MATCH = YES;
				COPY_PHASE_STRIP = NO;
				DEBUG_INFORMATION_FORMAT = dwarf;
				ENABLE_STRICT_OBJC_MSGSEND = YES;
				ENABLE_TESTABILITY = YES;
				GCC_C_LANGUAGE_STANDARD = gnu11;
				GCC_DYNAMIC_NO_PIC = NO;
				GCC_NO_COMMON_BLOCKS = YES;
				GCC_OPTIMIZATION_LEVEL = 0;
				GCC_PREPROCESSOR_DEFINITIONS = (
					"DEBUG=1",
					"$(inherited)",
				);
				GCC_WARN_64_TO_32_BIT_CONVERSION = YES;
				GCC_WARN_ABOUT_RETURN_TYPE = YES_ERROR;
				GCC_WARN_UNDECLARED_SELECTOR = YES;
				GCC_WARN_UNINITIALIZED_AUTOS = YES_AGGRESSIVE;
				GCC_WARN_UNUSED_FUNCTION = YES;
				GCC_WARN_UNUSED_VARIABLE = YES;
				IPHONEOS_DEPLOYMENT_TARGET = 14.5;
				MTL_ENABLE_DEBUG_INFO = INCLUDE_SOURCE;
				MTL_FAST_MATH = YES;
				ONLY_ACTIVE_ARCH = YES;
				SDKROOT = iphoneos;
				SWIFT_ACTIVE_COMPILATION_CONDITIONS = DEBUG;
				SWIFT_OPTIMIZATION_LEVEL = "-Onone";
			};
			name = Debug;
		};
		7AEF958F26C2D71700B49EEF /* Release */ = {
			isa = XCBuildConfiguration;
			buildSettings = {
				ALWAYS_SEARCH_USER_PATHS = NO;
				CLANG_ANALYZER_NONNULL = YES;
				CLANG_ANALYZER_NUMBER_OBJECT_CONVERSION = YES_AGGRESSIVE;
				CLANG_CXX_LANGUAGE_STANDARD = "gnu++14";
				CLANG_CXX_LIBRARY = "libc++";
				CLANG_ENABLE_MODULES = YES;
				CLANG_ENABLE_OBJC_ARC = YES;
				CLANG_ENABLE_OBJC_WEAK = YES;
				CLANG_WARN_BLOCK_CAPTURE_AUTORELEASING = YES;
				CLANG_WARN_BOOL_CONVERSION = YES;
				CLANG_WARN_COMMA = YES;
				CLANG_WARN_CONSTANT_CONVERSION = YES;
				CLANG_WARN_DEPRECATED_OBJC_IMPLEMENTATIONS = YES;
				CLANG_WARN_DIRECT_OBJC_ISA_USAGE = YES_ERROR;
				CLANG_WARN_DOCUMENTATION_COMMENTS = YES;
				CLANG_WARN_EMPTY_BODY = YES;
				CLANG_WARN_ENUM_CONVERSION = YES;
				CLANG_WARN_INFINITE_RECURSION = YES;
				CLANG_WARN_INT_CONVERSION = YES;
				CLANG_WARN_NON_LITERAL_NULL_CONVERSION = YES;
				CLANG_WARN_OBJC_IMPLICIT_RETAIN_SELF = YES;
				CLANG_WARN_OBJC_LITERAL_CONVERSION = YES;
				CLANG_WARN_OBJC_ROOT_CLASS = YES_ERROR;
				CLANG_WARN_QUOTED_INCLUDE_IN_FRAMEWORK_HEADER = YES;
				CLANG_WARN_RANGE_LOOP_ANALYSIS = YES;
				CLANG_WARN_STRICT_PROTOTYPES = YES;
				CLANG_WARN_SUSPICIOUS_MOVE = YES;
				CLANG_WARN_UNGUARDED_AVAILABILITY = YES_AGGRESSIVE;
				CLANG_WARN_UNREACHABLE_CODE = YES;
				CLANG_WARN__DUPLICATE_METHOD_MATCH = YES;
				COPY_PHASE_STRIP = NO;
				DEBUG_INFORMATION_FORMAT = "dwarf-with-dsym";
				ENABLE_NS_ASSERTIONS = NO;
				ENABLE_STRICT_OBJC_MSGSEND = YES;
				GCC_C_LANGUAGE_STANDARD = gnu11;
				GCC_NO_COMMON_BLOCKS = YES;
				GCC_WARN_64_TO_32_BIT_CONVERSION = YES;
				GCC_WARN_ABOUT_RETURN_TYPE = YES_ERROR;
				GCC_WARN_UNDECLARED_SELECTOR = YES;
				GCC_WARN_UNINITIALIZED_AUTOS = YES_AGGRESSIVE;
				GCC_WARN_UNUSED_FUNCTION = YES;
				GCC_WARN_UNUSED_VARIABLE = YES;
				IPHONEOS_DEPLOYMENT_TARGET = 14.5;
				MTL_ENABLE_DEBUG_INFO = NO;
				MTL_FAST_MATH = YES;
				SDKROOT = iphoneos;
				SWIFT_COMPILATION_MODE = wholemodule;
				SWIFT_OPTIMIZATION_LEVEL = "-O";
				VALIDATE_PRODUCT = YES;
			};
			name = Release;
		};
		7AEF959126C2D71700B49EEF /* Debug */ = {
			isa = XCBuildConfiguration;
			buildSettings = {
				ASSETCATALOG_COMPILER_APPICON_NAME = AppIcon;
				ASSETCATALOG_COMPILER_GLOBAL_ACCENT_COLOR_NAME = AccentColor;
				CODE_SIGN_STYLE = Automatic;
				DEVELOPMENT_TEAM = 4DKEX8NYQS;
				INFOPLIST_FILE = LogoRotation/Info.plist;
				LD_RUNPATH_SEARCH_PATHS = (
					"$(inherited)",
					"@executable_path/Frameworks",
				);
				PRODUCT_BUNDLE_IDENTIFIER = com.MS.LogoRotation;
				PRODUCT_NAME = "$(TARGET_NAME)";
				SWIFT_VERSION = 5.0;
				TARGETED_DEVICE_FAMILY = "1,2";
			};
			name = Debug;
		};
		7AEF959226C2D71700B49EEF /* Release */ = {
			isa = XCBuildConfiguration;
			buildSettings = {
				ASSETCATALOG_COMPILER_APPICON_NAME = AppIcon;
				ASSETCATALOG_COMPILER_GLOBAL_ACCENT_COLOR_NAME = AccentColor;
				CODE_SIGN_STYLE = Automatic;
				DEVELOPMENT_TEAM = 4DKEX8NYQS;
				INFOPLIST_FILE = LogoRotation/Info.plist;
				LD_RUNPATH_SEARCH_PATHS = (
					"$(inherited)",
					"@executable_path/Frameworks",
				);
				PRODUCT_BUNDLE_IDENTIFIER = com.MS.LogoRotation;
				PRODUCT_NAME = "$(TARGET_NAME)";
				SWIFT_VERSION = 5.0;
				TARGETED_DEVICE_FAMILY = "1,2";
			};
			name = Release;
		};
		7AEF959426C2D71700B49EEF /* Debug */ = {
			isa = XCBuildConfiguration;
			buildSettings = {
				ALWAYS_EMBED_SWIFT_STANDARD_LIBRARIES = YES;
				BUNDLE_LOADER = "$(TEST_HOST)";
				CODE_SIGN_STYLE = Automatic;
				DEVELOPMENT_TEAM = 4DKEX8NYQS;
				INFOPLIST_FILE = LogoRotationTests/Info.plist;
				IPHONEOS_DEPLOYMENT_TARGET = 14.5;
				LD_RUNPATH_SEARCH_PATHS = (
					"$(inherited)",
					"@executable_path/Frameworks",
					"@loader_path/Frameworks",
				);
				PRODUCT_BUNDLE_IDENTIFIER = com.MS.LogoRotationTests;
				PRODUCT_NAME = "$(TARGET_NAME)";
				SWIFT_VERSION = 5.0;
				TARGETED_DEVICE_FAMILY = "1,2";
				TEST_HOST = "$(BUILT_PRODUCTS_DIR)/LogoRotation.app/LogoRotation";
			};
			name = Debug;
		};
		7AEF959526C2D71700B49EEF /* Release */ = {
			isa = XCBuildConfiguration;
			buildSettings = {
				ALWAYS_EMBED_SWIFT_STANDARD_LIBRARIES = YES;
				BUNDLE_LOADER = "$(TEST_HOST)";
				CODE_SIGN_STYLE = Automatic;
				DEVELOPMENT_TEAM = 4DKEX8NYQS;
				INFOPLIST_FILE = LogoRotationTests/Info.plist;
				IPHONEOS_DEPLOYMENT_TARGET = 14.5;
				LD_RUNPATH_SEARCH_PATHS = (
					"$(inherited)",
					"@executable_path/Frameworks",
					"@loader_path/Frameworks",
				);
				PRODUCT_BUNDLE_IDENTIFIER = com.MS.LogoRotationTests;
				PRODUCT_NAME = "$(TARGET_NAME)";
				SWIFT_VERSION = 5.0;
				TARGETED_DEVICE_FAMILY = "1,2";
				TEST_HOST = "$(BUILT_PRODUCTS_DIR)/LogoRotation.app/LogoRotation";
			};
			name = Release;
		};
		7AEF959726C2D71700B49EEF /* Debug */ = {
			isa = XCBuildConfiguration;
			buildSettings = {
				ALWAYS_EMBED_SWIFT_STANDARD_LIBRARIES = YES;
				CODE_SIGN_STYLE = Automatic;
				DEVELOPMENT_TEAM = 4DKEX8NYQS;
				INFOPLIST_FILE = LogoRotationUITests/Info.plist;
				LD_RUNPATH_SEARCH_PATHS = (
					"$(inherited)",
					"@executable_path/Frameworks",
					"@loader_path/Frameworks",
				);
				PRODUCT_BUNDLE_IDENTIFIER = com.MS.LogoRotationUITests;
				PRODUCT_NAME = "$(TARGET_NAME)";
				SWIFT_VERSION = 5.0;
				TARGETED_DEVICE_FAMILY = "1,2";
				TEST_TARGET_NAME = LogoRotation;
			};
			name = Debug;
		};
		7AEF959826C2D71700B49EEF /* Release */ = {
			isa = XCBuildConfiguration;
			buildSettings = {
				ALWAYS_EMBED_SWIFT_STANDARD_LIBRARIES = YES;
				CODE_SIGN_STYLE = Automatic;
				DEVELOPMENT_TEAM = 4DKEX8NYQS;
				INFOPLIST_FILE = LogoRotationUITests/Info.plist;
				LD_RUNPATH_SEARCH_PATHS = (
					"$(inherited)",
					"@executable_path/Frameworks",
					"@loader_path/Frameworks",
				);
				PRODUCT_BUNDLE_IDENTIFIER = com.MS.LogoRotationUITests;
				PRODUCT_NAME = "$(TARGET_NAME)";
				SWIFT_VERSION = 5.0;
				TARGETED_DEVICE_FAMILY = "1,2";
				TEST_TARGET_NAME = LogoRotation;
			};
			name = Release;
		};
/* End XCBuildConfiguration section */

/* Begin XCConfigurationList section */
		7AEF955E26C2D71400B49EEF /* Build configuration list for PBXProject "LogoRotation" */ = {
			isa = XCConfigurationList;
			buildConfigurations = (
				7AEF958E26C2D71700B49EEF /* Debug */,
				7AEF958F26C2D71700B49EEF /* Release */,
			);
			defaultConfigurationIsVisible = 0;
			defaultConfigurationName = Release;
		};
		7AEF959026C2D71700B49EEF /* Build configuration list for PBXNativeTarget "LogoRotation" */ = {
			isa = XCConfigurationList;
			buildConfigurations = (
				7AEF959126C2D71700B49EEF /* Debug */,
				7AEF959226C2D71700B49EEF /* Release */,
			);
			defaultConfigurationIsVisible = 0;
			defaultConfigurationName = Release;
		};
		7AEF959326C2D71700B49EEF /* Build configuration list for PBXNativeTarget "LogoRotationTests" */ = {
			isa = XCConfigurationList;
			buildConfigurations = (
				7AEF959426C2D71700B49EEF /* Debug */,
				7AEF959526C2D71700B49EEF /* Release */,
			);
			defaultConfigurationIsVisible = 0;
			defaultConfigurationName = Release;
		};
		7AEF959626C2D71700B49EEF /* Build configuration list for PBXNativeTarget "LogoRotationUITests" */ = {
			isa = XCConfigurationList;
			buildConfigurations = (
				7AEF959726C2D71700B49EEF /* Debug */,
				7AEF959826C2D71700B49EEF /* Release */,
			);
			defaultConfigurationIsVisible = 0;
			defaultConfigurationName = Release;
		};
/* End XCConfigurationList section */

/* Begin XCVersionGroup section */
		7AEF956F26C2D71400B49EEF /* LogoRotation.xcdatamodeld */ = {
			isa = XCVersionGroup;
			children = (
				7AEF957026C2D71400B49EEF /* LogoRotation.xcdatamodel */,
			);
			currentVersion = 7AEF957026C2D71400B49EEF /* LogoRotation.xcdatamodel */;
			path = LogoRotation.xcdatamodeld;
			sourceTree = "<group>";
			versionGroupType = wrapper.xcdatamodel;
		};
/* End XCVersionGroup section */
	};
	rootObject = 7AEF955B26C2D71400B49EEF /* Project object */;
}
